// !$*UTF8*$!
{
	archiveVersion = 1;
	classes = {
	};
	objectVersion = 46;
	objects = {

/* Begin PBXBuildFile section */
		013704DD1BFFAC160027E33E /* AppDelegate.swift in Sources */ = {isa = PBXBuildFile; fileRef = 013704DC1BFFAC160027E33E /* AppDelegate.swift */; };
		013704DF1BFFAC160027E33E /* ViewController.swift in Sources */ = {isa = PBXBuildFile; fileRef = 013704DE1BFFAC160027E33E /* ViewController.swift */; };
		013704E21BFFAC160027E33E /* Main.storyboard in Resources */ = {isa = PBXBuildFile; fileRef = 013704E01BFFAC160027E33E /* Main.storyboard */; };
		013704E41BFFAC160027E33E /* Assets.xcassets in Resources */ = {isa = PBXBuildFile; fileRef = 013704E31BFFAC160027E33E /* Assets.xcassets */; };
		013704E71BFFAC160027E33E /* LaunchScreen.storyboard in Resources */ = {isa = PBXBuildFile; fileRef = 013704E51BFFAC160027E33E /* LaunchScreen.storyboard */; };
		013704F21BFFAC160027E33E /* GobbleTests.swift in Sources */ = {isa = PBXBuildFile; fileRef = 013704F11BFFAC160027E33E /* GobbleTests.swift */; };
		013704FD1BFFAC160027E33E /* GobbleUITests.swift in Sources */ = {isa = PBXBuildFile; fileRef = 013704FC1BFFAC160027E33E /* GobbleUITests.swift */; };
/* End PBXBuildFile section */

/* Begin PBXContainerItemProxy section */
		013704EE1BFFAC160027E33E /* PBXContainerItemProxy */ = {
			isa = PBXContainerItemProxy;
			containerPortal = 013704D11BFFAC160027E33E /* Project object */;
			proxyType = 1;
			remoteGlobalIDString = 013704D81BFFAC160027E33E;
			remoteInfo = Gobble;
		};
		013704F91BFFAC160027E33E /* PBXContainerItemProxy */ = {
			isa = PBXContainerItemProxy;
			containerPortal = 013704D11BFFAC160027E33E /* Project object */;
			proxyType = 1;
			remoteGlobalIDString = 013704D81BFFAC160027E33E;
			remoteInfo = Gobble;
		};
/* End PBXContainerItemProxy section */

/* Begin PBXFileReference section */
		013704D91BFFAC160027E33E /* Gobble.app */ = {isa = PBXFileReference; explicitFileType = wrapper.application; includeInIndex = 0; path = Gobble.app; sourceTree = BUILT_PRODUCTS_DIR; };
		013704DC1BFFAC160027E33E /* AppDelegate.swift */ = {isa = PBXFileReference; lastKnownFileType = sourcecode.swift; path = AppDelegate.swift; sourceTree = "<group>"; };
		013704DE1BFFAC160027E33E /* ViewController.swift */ = {isa = PBXFileReference; lastKnownFileType = sourcecode.swift; path = ViewController.swift; sourceTree = "<group>"; };
		013704E11BFFAC160027E33E /* Base */ = {isa = PBXFileReference; lastKnownFileType = file.storyboard; name = Base; path = Base.lproj/Main.storyboard; sourceTree = "<group>"; };
		013704E31BFFAC160027E33E /* Assets.xcassets */ = {isa = PBXFileReference; lastKnownFileType = folder.assetcatalog; path = Assets.xcassets; sourceTree = "<group>"; };
		013704E61BFFAC160027E33E /* Base */ = {isa = PBXFileReference; lastKnownFileType = file.storyboard; name = Base; path = Base.lproj/LaunchScreen.storyboard; sourceTree = "<group>"; };
		013704E81BFFAC160027E33E /* Info.plist */ = {isa = PBXFileReference; lastKnownFileType = text.plist.xml; path = Info.plist; sourceTree = "<group>"; };
		013704ED1BFFAC160027E33E /* GobbleTests.xctest */ = {isa = PBXFileReference; explicitFileType = wrapper.cfbundle; includeInIndex = 0; path = GobbleTests.xctest; sourceTree = BUILT_PRODUCTS_DIR; };
		013704F11BFFAC160027E33E /* GobbleTests.swift */ = {isa = PBXFileReference; lastKnownFileType = sourcecode.swift; path = GobbleTests.swift; sourceTree = "<group>"; };
		013704F31BFFAC160027E33E /* Info.plist */ = {isa = PBXFileReference; lastKnownFileType = text.plist.xml; path = Info.plist; sourceTree = "<group>"; };
		013704F81BFFAC160027E33E /* GobbleUITests.xctest */ = {isa = PBXFileReference; explicitFileType = wrapper.cfbundle; includeInIndex = 0; path = GobbleUITests.xctest; sourceTree = BUILT_PRODUCTS_DIR; };
		013704FC1BFFAC160027E33E /* GobbleUITests.swift */ = {isa = PBXFileReference; lastKnownFileType = sourcecode.swift; path = GobbleUITests.swift; sourceTree = "<group>"; };
		013704FE1BFFAC160027E33E /* Info.plist */ = {isa = PBXFileReference; lastKnownFileType = text.plist.xml; path = Info.plist; sourceTree = "<group>"; };
/* End PBXFileReference section */

/* Begin PBXFrameworksBuildPhase section */
		013704D61BFFAC160027E33E /* Frameworks */ = {
			isa = PBXFrameworksBuildPhase;
			buildActionMask = 2147483647;
			files = (
			);
			runOnlyForDeploymentPostprocessing = 0;
		};
		013704EA1BFFAC160027E33E /* Frameworks */ = {
			isa = PBXFrameworksBuildPhase;
			buildActionMask = 2147483647;
			files = (
			);
			runOnlyForDeploymentPostprocessing = 0;
		};
		013704F51BFFAC160027E33E /* Frameworks */ = {
			isa = PBXFrameworksBuildPhase;
			buildActionMask = 2147483647;
			files = (
			);
			runOnlyForDeploymentPostprocessing = 0;
		};
/* End PBXFrameworksBuildPhase section */

/* Begin PBXGroup section */
		013704D01BFFAC160027E33E = {
			isa = PBXGroup;
			children = (
				013704DB1BFFAC160027E33E /* Gobble */,
				013704F01BFFAC160027E33E /* GobbleTests */,
				013704FB1BFFAC160027E33E /* GobbleUITests */,
				013704DA1BFFAC160027E33E /* Products */,
			);
			sourceTree = "<group>";
		};
		013704DA1BFFAC160027E33E /* Products */ = {
			isa = PBXGroup;
			children = (
				013704D91BFFAC160027E33E /* Gobble.app */,
				013704ED1BFFAC160027E33E /* GobbleTests.xctest */,
				013704F81BFFAC160027E33E /* GobbleUITests.xctest */,
			);
			name = Products;
			sourceTree = "<group>";
		};
		013704DB1BFFAC160027E33E /* Gobble */ = {
			isa = PBXGroup;
			children = (
				013704DC1BFFAC160027E33E /* AppDelegate.swift */,
				013704DE1BFFAC160027E33E /* ViewController.swift */,
				013704E01BFFAC160027E33E /* Main.storyboard */,
				013704E31BFFAC160027E33E /* Assets.xcassets */,
				013704E51BFFAC160027E33E /* LaunchScreen.storyboard */,
				013704E81BFFAC160027E33E /* Info.plist */,
			);
			path = Gobble;
			sourceTree = "<group>";
		};
		013704F01BFFAC160027E33E /* GobbleTests */ = {
			isa = PBXGroup;
			children = (
				013704F11BFFAC160027E33E /* GobbleTests.swift */,
				013704F31BFFAC160027E33E /* Info.plist */,
			);
			path = GobbleTests;
			sourceTree = "<group>";
		};
		013704FB1BFFAC160027E33E /* GobbleUITests */ = {
			isa = PBXGroup;
			children = (
				013704FC1BFFAC160027E33E /* GobbleUITests.swift */,
				013704FE1BFFAC160027E33E /* Info.plist */,
			);
			path = GobbleUITests;
			sourceTree = "<group>";
		};
/* End PBXGroup section */

/* Begin PBXNativeTarget section */
		013704D81BFFAC160027E33E /* Gobble */ = {
			isa = PBXNativeTarget;
			buildConfigurationList = 013705011BFFAC160027E33E /* Build configuration list for PBXNativeTarget "Gobble" */;
			buildPhases = (
				013704D51BFFAC160027E33E /* Sources */,
				013704D61BFFAC160027E33E /* Frameworks */,
				013704D71BFFAC160027E33E /* Resources */,
			);
			buildRules = (
			);
			dependencies = (
			);
			name = Gobble;
			productName = Gobble;
			productReference = 013704D91BFFAC160027E33E /* Gobble.app */;
			productType = "com.apple.product-type.application";
		};
		013704EC1BFFAC160027E33E /* GobbleTests */ = {
			isa = PBXNativeTarget;
			buildConfigurationList = 013705041BFFAC160027E33E /* Build configuration list for PBXNativeTarget "GobbleTests" */;
			buildPhases = (
				013704E91BFFAC160027E33E /* Sources */,
				013704EA1BFFAC160027E33E /* Frameworks */,
				013704EB1BFFAC160027E33E /* Resources */,
			);
			buildRules = (
			);
			dependencies = (
				013704EF1BFFAC160027E33E /* PBXTargetDependency */,
			);
			name = GobbleTests;
			productName = GobbleTests;
			productReference = 013704ED1BFFAC160027E33E /* GobbleTests.xctest */;
			productType = "com.apple.product-type.bundle.unit-test";
		};
		013704F71BFFAC160027E33E /* GobbleUITests */ = {
			isa = PBXNativeTarget;
			buildConfigurationList = 013705071BFFAC160027E33E /* Build configuration list for PBXNativeTarget "GobbleUITests" */;
			buildPhases = (
				013704F41BFFAC160027E33E /* Sources */,
				013704F51BFFAC160027E33E /* Frameworks */,
				013704F61BFFAC160027E33E /* Resources */,
			);
			buildRules = (
			);
			dependencies = (
				013704FA1BFFAC160027E33E /* PBXTargetDependency */,
			);
			name = GobbleUITests;
			productName = GobbleUITests;
			productReference = 013704F81BFFAC160027E33E /* GobbleUITests.xctest */;
			productType = "com.apple.product-type.bundle.ui-testing";
		};
/* End PBXNativeTarget section */

/* Begin PBXProject section */
		013704D11BFFAC160027E33E /* Project object */ = {
			isa = PBXProject;
			attributes = {
				LastSwiftUpdateCheck = 0710;
				LastUpgradeCheck = 0710;
				ORGANIZATIONNAME = "Relative Path, LLC";
				TargetAttributes = {
					013704D81BFFAC160027E33E = {
						CreatedOnToolsVersion = 7.1.1;
					};
					013704EC1BFFAC160027E33E = {
						CreatedOnToolsVersion = 7.1.1;
						TestTargetID = 013704D81BFFAC160027E33E;
					};
					013704F71BFFAC160027E33E = {
						CreatedOnToolsVersion = 7.1.1;
						TestTargetID = 013704D81BFFAC160027E33E;
					};
				};
			};
			buildConfigurationList = 013704D41BFFAC160027E33E /* Build configuration list for PBXProject "Gobble" */;
			compatibilityVersion = "Xcode 3.2";
			developmentRegion = English;
			hasScannedForEncodings = 0;
			knownRegions = (
				en,
				Base,
			);
			mainGroup = 013704D01BFFAC160027E33E;
			productRefGroup = 013704DA1BFFAC160027E33E /* Products */;
			projectDirPath = "";
			projectRoot = "";
			targets = (
				013704D81BFFAC160027E33E /* Gobble */,
				013704EC1BFFAC160027E33E /* GobbleTests */,
				013704F71BFFAC160027E33E /* GobbleUITests */,
			);
		};
/* End PBXProject section */

/* Begin PBXResourcesBuildPhase section */
		013704D71BFFAC160027E33E /* Resources */ = {
			isa = PBXResourcesBuildPhase;
			buildActionMask = 2147483647;
			files = (
				013704E71BFFAC160027E33E /* LaunchScreen.storyboard in Resources */,
				013704E41BFFAC160027E33E /* Assets.xcassets in Resources */,
				013704E21BFFAC160027E33E /* Main.storyboard in Resources */,
			);
			runOnlyForDeploymentPostprocessing = 0;
		};
		013704EB1BFFAC160027E33E /* Resources */ = {
			isa = PBXResourcesBuildPhase;
			buildActionMask = 2147483647;
			files = (
			);
			runOnlyForDeploymentPostprocessing = 0;
		};
		013704F61BFFAC160027E33E /* Resources */ = {
			isa = PBXResourcesBuildPhase;
			buildActionMask = 2147483647;
			files = (
			);
			runOnlyForDeploymentPostprocessing = 0;
		};
/* End PBXResourcesBuildPhase section */

/* Begin PBXSourcesBuildPhase section */
		013704D51BFFAC160027E33E /* Sources */ = {
			isa = PBXSourcesBuildPhase;
			buildActionMask = 2147483647;
			files = (
				013704DF1BFFAC160027E33E /* ViewController.swift in Sources */,
				013704DD1BFFAC160027E33E /* AppDelegate.swift in Sources */,
			);
			runOnlyForDeploymentPostprocessing = 0;
		};
		013704E91BFFAC160027E33E /* Sources */ = {
			isa = PBXSourcesBuildPhase;
			buildActionMask = 2147483647;
			files = (
				013704F21BFFAC160027E33E /* GobbleTests.swift in Sources */,
			);
			runOnlyForDeploymentPostprocessing = 0;
		};
		013704F41BFFAC160027E33E /* Sources */ = {
			isa = PBXSourcesBuildPhase;
			buildActionMask = 2147483647;
			files = (
				013704FD1BFFAC160027E33E /* GobbleUITests.swift in Sources */,
			);
			runOnlyForDeploymentPostprocessing = 0;
		};
/* End PBXSourcesBuildPhase section */

/* Begin PBXTargetDependency section */
		013704EF1BFFAC160027E33E /* PBXTargetDependency */ = {
			isa = PBXTargetDependency;
			target = 013704D81BFFAC160027E33E /* Gobble */;
			targetProxy = 013704EE1BFFAC160027E33E /* PBXContainerItemProxy */;
		};
		013704FA1BFFAC160027E33E /* PBXTargetDependency */ = {
			isa = PBXTargetDependency;
			target = 013704D81BFFAC160027E33E /* Gobble */;
			targetProxy = 013704F91BFFAC160027E33E /* PBXContainerItemProxy */;
		};
/* End PBXTargetDependency section */

/* Begin PBXVariantGroup section */
		013704E01BFFAC160027E33E /* Main.storyboard */ = {
			isa = PBXVariantGroup;
			children = (
				013704E11BFFAC160027E33E /* Base */,
			);
			name = Main.storyboard;
			sourceTree = "<group>";
		};
		013704E51BFFAC160027E33E /* LaunchScreen.storyboard */ = {
			isa = PBXVariantGroup;
			children = (
				013704E61BFFAC160027E33E /* Base */,
			);
			name = LaunchScreen.storyboard;
			sourceTree = "<group>";
		};
/* End PBXVariantGroup section */

/* Begin XCBuildConfiguration section */
		013704FF1BFFAC160027E33E /* Debug */ = {
			isa = XCBuildConfiguration;
			buildSettings = {
				ALWAYS_SEARCH_USER_PATHS = NO;
				CLANG_CXX_LANGUAGE_STANDARD = "gnu++0x";
				CLANG_CXX_LIBRARY = "libc++";
				CLANG_ENABLE_MODULES = YES;
				CLANG_ENABLE_OBJC_ARC = YES;
				CLANG_WARN_BOOL_CONVERSION = YES;
				CLANG_WARN_CONSTANT_CONVERSION = YES;
				CLANG_WARN_DIRECT_OBJC_ISA_USAGE = YES_ERROR;
				CLANG_WARN_EMPTY_BODY = YES;
				CLANG_WARN_ENUM_CONVERSION = YES;
				CLANG_WARN_INT_CONVERSION = YES;
				CLANG_WARN_OBJC_ROOT_CLASS = YES_ERROR;
				CLANG_WARN_UNREACHABLE_CODE = YES;
				CLANG_WARN__DUPLICATE_METHOD_MATCH = YES;
				"CODE_SIGN_IDENTITY[sdk=iphoneos*]" = "iPhone Developer";
				COPY_PHASE_STRIP = NO;
				DEBUG_INFORMATION_FORMAT = dwarf;
				ENABLE_STRICT_OBJC_MSGSEND = YES;
				ENABLE_TESTABILITY = YES;
				GCC_C_LANGUAGE_STANDARD = gnu99;
				GCC_DYNAMIC_NO_PIC = NO;
				GCC_NO_COMMON_BLOCKS = YES;
				GCC_OPTIMIZATION_LEVEL = 0;
				GCC_PREPROCESSOR_DEFINITIONS = (
					"DEBUG=1",
					"$(inherited)",
				);
				GCC_WARN_64_TO_32_BIT_CONVERSION = YES;
				GCC_WARN_ABOUT_RETURN_TYPE = YES_ERROR;
				GCC_WARN_UNDECLARED_SELECTOR = YES;
				GCC_WARN_UNINITIALIZED_AUTOS = YES_AGGRESSIVE;
				GCC_WARN_UNUSED_FUNCTION = YES;
				GCC_WARN_UNUSED_VARIABLE = YES;
				IPHONEOS_DEPLOYMENT_TARGET = 9.1;
				MTL_ENABLE_DEBUG_INFO = YES;
				ONLY_ACTIVE_ARCH = YES;
				SDKROOT = iphoneos;
				SWIFT_OPTIMIZATION_LEVEL = "-Onone";
				TARGETED_DEVICE_FAMILY = "1,2";
			};
			name = Debug;
		};
		013705001BFFAC160027E33E /* Release */ = {
			isa = XCBuildConfiguration;
			buildSettings = {
				ALWAYS_SEARCH_USER_PATHS = NO;
				CLANG_CXX_LANGUAGE_STANDARD = "gnu++0x";
				CLANG_CXX_LIBRARY = "libc++";
				CLANG_ENABLE_MODULES = YES;
				CLANG_ENABLE_OBJC_ARC = YES;
				CLANG_WARN_BOOL_CONVERSION = YES;
				CLANG_WARN_CONSTANT_CONVERSION = YES;
				CLANG_WARN_DIRECT_OBJC_ISA_USAGE = YES_ERROR;
				CLANG_WARN_EMPTY_BODY = YES;
				CLANG_WARN_ENUM_CONVERSION = YES;
				CLANG_WARN_INT_CONVERSION = YES;
				CLANG_WARN_OBJC_ROOT_CLASS = YES_ERROR;
				CLANG_WARN_UNREACHABLE_CODE = YES;
				CLANG_WARN__DUPLICATE_METHOD_MATCH = YES;
				"CODE_SIGN_IDENTITY[sdk=iphoneos*]" = "iPhone Developer";
				COPY_PHASE_STRIP = NO;
				DEBUG_INFORMATION_FORMAT = "dwarf-with-dsym";
				ENABLE_NS_ASSERTIONS = NO;
				ENABLE_STRICT_OBJC_MSGSEND = YES;
				GCC_C_LANGUAGE_STANDARD = gnu99;
				GCC_NO_COMMON_BLOCKS = YES;
				GCC_WARN_64_TO_32_BIT_CONVERSION = YES;
				GCC_WARN_ABOUT_RETURN_TYPE = YES_ERROR;
				GCC_WARN_UNDECLARED_SELECTOR = YES;
				GCC_WARN_UNINITIALIZED_AUTOS = YES_AGGRESSIVE;
				GCC_WARN_UNUSED_FUNCTION = YES;
				GCC_WARN_UNUSED_VARIABLE = YES;
				IPHONEOS_DEPLOYMENT_TARGET = 9.1;
				MTL_ENABLE_DEBUG_INFO = NO;
				SDKROOT = iphoneos;
				TARGETED_DEVICE_FAMILY = "1,2";
				VALIDATE_PRODUCT = YES;
			};
			name = Release;
		};
		013705021BFFAC160027E33E /* Debug */ = {
			isa = XCBuildConfiguration;
			buildSettings = {
				ASSETCATALOG_COMPILER_APPICON_NAME = AppIcon;
				INFOPLIST_FILE = Gobble/Info.plist;
				LD_RUNPATH_SEARCH_PATHS = "$(inherited) @executable_path/Frameworks";
				PRODUCT_BUNDLE_IDENTIFIER = rp.Gobble;
				PRODUCT_NAME = "$(TARGET_NAME)";
			};
			name = Debug;
		};
		013705031BFFAC160027E33E /* Release */ = {
			isa = XCBuildConfiguration;
			buildSettings = {
				ASSETCATALOG_COMPILER_APPICON_NAME = AppIcon;
				INFOPLIST_FILE = Gobble/Info.plist;
				LD_RUNPATH_SEARCH_PATHS = "$(inherited) @executable_path/Frameworks";
				PRODUCT_BUNDLE_IDENTIFIER = rp.Gobble;
				PRODUCT_NAME = "$(TARGET_NAME)";
			};
			name = Release;
		};
		013705051BFFAC160027E33E /* Debug */ = {
			isa = XCBuildConfiguration;
			buildSettings = {
				BUNDLE_LOADER = "$(TEST_HOST)";
				INFOPLIST_FILE = GobbleTests/Info.plist;
				LD_RUNPATH_SEARCH_PATHS = "$(inherited) @executable_path/Frameworks @loader_path/Frameworks";
				PRODUCT_BUNDLE_IDENTIFIER = rp.GobbleTests;
				PRODUCT_NAME = "$(TARGET_NAME)";
				TEST_HOST = "$(BUILT_PRODUCTS_DIR)/Gobble.app/Gobble";
			};
			name = Debug;
		};
		013705061BFFAC160027E33E /* Release */ = {
			isa = XCBuildConfiguration;
			buildSettings = {
				BUNDLE_LOADER = "$(TEST_HOST)";
				INFOPLIST_FILE = GobbleTests/Info.plist;
				LD_RUNPATH_SEARCH_PATHS = "$(inherited) @executable_path/Frameworks @loader_path/Frameworks";
				PRODUCT_BUNDLE_IDENTIFIER = rp.GobbleTests;
				PRODUCT_NAME = "$(TARGET_NAME)";
				TEST_HOST = "$(BUILT_PRODUCTS_DIR)/Gobble.app/Gobble";
			};
			name = Release;
		};
		013705081BFFAC160027E33E /* Debug */ = {
			isa = XCBuildConfiguration;
			buildSettings = {
				INFOPLIST_FILE = GobbleUITests/Info.plist;
				LD_RUNPATH_SEARCH_PATHS = "$(inherited) @executable_path/Frameworks @loader_path/Frameworks";
				PRODUCT_BUNDLE_IDENTIFIER = rp.GobbleUITests;
				PRODUCT_NAME = "$(TARGET_NAME)";
				TEST_TARGET_NAME = Gobble;
				USES_XCTRUNNER = YES;
			};
			name = Debug;
		};
		013705091BFFAC160027E33E /* Release */ = {
			isa = XCBuildConfiguration;
			buildSettings = {
				INFOPLIST_FILE = GobbleUITests/Info.plist;
				LD_RUNPATH_SEARCH_PATHS = "$(inherited) @executable_path/Frameworks @loader_path/Frameworks";
				PRODUCT_BUNDLE_IDENTIFIER = rp.GobbleUITests;
				PRODUCT_NAME = "$(TARGET_NAME)";
				TEST_TARGET_NAME = Gobble;
				USES_XCTRUNNER = YES;
			};
			name = Release;
		};
/* End XCBuildConfiguration section */

/* Begin XCConfigurationList section */
		013704D41BFFAC160027E33E /* Build configuration list for PBXProject "Gobble" */ = {
			isa = XCConfigurationList;
			buildConfigurations = (
				013704FF1BFFAC160027E33E /* Debug */,
				013705001BFFAC160027E33E /* Release */,
			);
			defaultConfigurationIsVisible = 0;
			defaultConfigurationName = Release;
		};
		013705011BFFAC160027E33E /* Build configuration list for PBXNativeTarget "Gobble" */ = {
			isa = XCConfigurationList;
			buildConfigurations = (
				013705021BFFAC160027E33E /* Debug */,
				013705031BFFAC160027E33E /* Release */,
			);
			defaultConfigurationIsVisible = 0;
		};
		013705041BFFAC160027E33E /* Build configuration list for PBXNativeTarget "GobbleTests" */ = {
			isa = XCConfigurationList;
			buildConfigurations = (
				013705051BFFAC160027E33E /* Debug */,
				013705061BFFAC160027E33E /* Release */,
			);
			defaultConfigurationIsVisible = 0;
		};
		013705071BFFAC160027E33E /* Build configuration list for PBXNativeTarget "GobbleUITests" */ = {
			isa = XCConfigurationList;
			buildConfigurations = (
				013705081BFFAC160027E33E /* Debug */,
				013705091BFFAC160027E33E /* Release */,
			);
			defaultConfigurationIsVisible = 0;
		};
/* End XCConfigurationList section */
	};
	rootObject = 013704D11BFFAC160027E33E /* Project object */;
}
